
Microsoft Visual Studio Solution File, Format Version 12.00
# Visual Studio 15
VisualStudioVersion = 15.0.27004.2002
MinimumVisualStudioVersion = 10.0.40219.1
Project("{FAE04EC0-301F-11D3-BF4B-00C04F79EFBC}") = "ConsoleApp3", "ConsoleApp3\ConsoleApp3.csproj", "{9DE96816-B171-4C5B-AC3D-CFBCB1B952ED}"
EndProject
Global
	GlobalSection(SolutionConfigurationPlatforms) = preSolution
		Debug|Any CPU = Debug|Any CPU
		Release|Any CPU = Release|Any CPU
	EndGlobalSection
	GlobalSection(ProjectConfigurationPlatforms) = postSolution
		{9DE96816-B171-4C5B-AC3D-CFBCB1B952ED}.Debug|Any CPU.ActiveCfg = Debug|Any CPU
		{9DE96816-B171-4C5B-AC3D-CFBCB1B952ED}.Debug|Any CPU.Build.0 = Debug|Any CPU
		{9DE96816-B171-4C5B-AC3D-CFBCB1B952ED}.Release|Any CPU.ActiveCfg = Release|Any CPU
		{9DE96816-B171-4C5B-AC3D-CFBCB1B952ED}.Release|Any CPU.Build.0 = Release|Any CPU
	EndGlobalSection
	GlobalSection(SolutionProperties) = preSolution
		HideSolutionNode = FALSE
	EndGlobalSection
	GlobalSection(ExtensibilityGlobals) = postSolution
		SolutionGuid = {9EE24129-E976-421C-88FD-37DCD03B6004}
	EndGlobalSection
EndGlobal
